{
  "version": 4,
  "terraform_version": "1.14.8",
  "serial": 197,
  "lineage": "739990ac-e794-620d-fb3d-a2e8ebd2db52",
  "outputs": {
    "db_ips": {
      "value": {
        "db1": "192.168.122.21",
        "db2": "192.168.122.22",
        "db3": "192.168.122.23"
      },
      "type": [
        "object",
        {
          "db1": "string",
          "db2": "string",
          "db3": "string"
        }
      ]
    },
    "lb_ips": {
      "value": {
        "lb1": "192.168.122.11",
        "lb2": "192.168.122.12"
      },
      "type": [
        "object",
        {
          "lb1": "string",
          "lb2": "string"
        }
      ]
    },
    "ssh_connection_examples": {
      "value": "# Conectar a balanceadores:\nssh debian@192.168.122.11  # lb1\nssh debian@192.168.122.12  # lb2\n\n# Conectar a nodos de BD:\nssh debian@192.168.122.21  # db1\nssh debian@192.168.122.22  # db2\nssh debian@192.168.122.23  # db3\n\n# Conectar a MySQL via VIP:\nmysql -h 192.168.122.10 -P 3306 -u haproxy_check -p\n",
      "type": "string"
    },
    "vip_address": {
      "value": "192.168.122.10",
      "type": "string"
    }
  },
  "resources": [
    {
      "mode": "managed",
      "type": "libvirt_cloudinit_disk",
      "name": "vm_cloudinit",
      "provider": "provider[\"registry.terraform.io/dmacvicar/libvirt\"]",
      "instances": [
        {
          "index_key": "db1",
          "schema_version": 0,
          "attributes": {
            "id": "/var/lib/libvirt/images/db1-cloudinit.iso;474f28eb-5474-4f39-8a9e-3f4f61caf546",
            "meta_data": "",
            "name": "db1-cloudinit.iso",
            "network_config": "version: 2\nethernets:\n  ens3:\n    dhcp4: false\n    addresses:\n      - 192.168.122.21/24\n    gateway4: 192.168.122.1\n    nameservers:\n      addresses:\n        - 192.168.122.1\n        - 8.8.8.8\n",
            "pool": "default",
            "user_data": "#cloud-config\nhostname: db1\nfqdn: db1.local\nmanage_etc_hosts: true\n\nusers:\n  - name: debian\n    sudo: ALL=(ALL) NOPASSWD:ALL\n    shell: /bin/bash\n    ssh_authorized_keys:\n      - ssh-rsa AAAAB3NzaC1yc2EAAAADAQABAAACAQDhhWdxmEI4IafttsdsP2FYJFJwNa6VDX8CMFI1KZhouT2lL8nLP/Orjm5qEzPSpu6L8EF90RebIdIoxWjrJi/oK4uSS/7odXJNMiyLxgDwjMjQ0NbnCgH126phyJR7bPyRwu9Orp/gqxBpl0RNrLC8g4Ku17GySy4nShVUaMR8DUBLjF1uMv0js4e1BgnHWYLqTav8njB7ARMaGDac+fsc50cjivaga4+YG+KNlET40XozgkikHJaygKZ2+eaIadBQnrHmdyozrl8CXrJdolf1rMP+F5iiTXDzXjFLuu9BtcNEM7RmL8NPz8aY8b+4wCSg8VDZ2hEmduAkCR8TzX7A7gUw7vejXBn9aqoal3qHEJH06GcTlZggUGZT3VIxzFlfRhSFKQOD8uQgJQzSg+BrQ8SrXPstN3Q4hwDUtIkTGKk5Pv6+CZlTqzoF0bvoUmYpqBjXyvDNU1UEuFaN9bih4eUPkeRiq5QL9cSc182liIKWQc3ScASOijiw0gi2G+PBhgKqeBsSsXZMMkzmmlnMAOzoVmZUPumkHLlUnIbvrbQE8d0SQKRpANyTgIkQV3C9dIRLx1WTEByaUYbjxtwE4/g99a6e6D27I3ifkjCyUu+tZnmvvxjwyDwiNp9rZP6hDrsLw1VGlbu24zG9/Y4drPtbb2gMiirHlqKmWY7Acw== juanc@JC\n\n\nssh_pwauth: false\ndisable_root: false\n\npackages:\n  - python3\n  - sudo\n  - openssh-server\n  - qemu-guest-agent\n\nruncmd:\n  - systemctl enable qemu-guest-agent\n  - systemctl start qemu-guest-agent\n  - sed -i 's/^#PermitRootLogin.*/PermitRootLogin no/' /etc/ssh/sshd_config\n  - systemctl restart ssh\n\nfinal_message: \"VM db1 lista en $UPTIME segundos\"\n"
          },
          "sensitive_attributes": [],
          "identity_schema_version": 0,
          "private": "bnVsbA=="
        },
        {
          "index_key": "db2",
          "schema_version": 0,
          "attributes": {
            "id": "/var/lib/libvirt/images/db2-cloudinit.iso;cb0c135c-02e1-49cb-b48a-8f6057a864e7",
            "meta_data": "",
            "name": "db2-cloudinit.iso",
            "network_config": "version: 2\nethernets:\n  ens3:\n    dhcp4: false\n    addresses:\n      - 192.168.122.22/24\n    gateway4: 192.168.122.1\n    nameservers:\n      addresses:\n        - 192.168.122.1\n        - 8.8.8.8\n",
            "pool": "default",
            "user_data": "#cloud-config\nhostname: db2\nfqdn: db2.local\nmanage_etc_hosts: true\n\nusers:\n  - name: debian\n    sudo: ALL=(ALL) NOPASSWD:ALL\n    shell: /bin/bash\n    ssh_authorized_keys:\n      - ssh-rsa AAAAB3NzaC1yc2EAAAADAQABAAACAQDhhWdxmEI4IafttsdsP2FYJFJwNa6VDX8CMFI1KZhouT2lL8nLP/Orjm5qEzPSpu6L8EF90RebIdIoxWjrJi/oK4uSS/7odXJNMiyLxgDwjMjQ0NbnCgH126phyJR7bPyRwu9Orp/gqxBpl0RNrLC8g4Ku17GySy4nShVUaMR8DUBLjF1uMv0js4e1BgnHWYLqTav8njB7ARMaGDac+fsc50cjivaga4+YG+KNlET40XozgkikHJaygKZ2+eaIadBQnrHmdyozrl8CXrJdolf1rMP+F5iiTXDzXjFLuu9BtcNEM7RmL8NPz8aY8b+4wCSg8VDZ2hEmduAkCR8TzX7A7gUw7vejXBn9aqoal3qHEJH06GcTlZggUGZT3VIxzFlfRhSFKQOD8uQgJQzSg+BrQ8SrXPstN3Q4hwDUtIkTGKk5Pv6+CZlTqzoF0bvoUmYpqBjXyvDNU1UEuFaN9bih4eUPkeRiq5QL9cSc182liIKWQc3ScASOijiw0gi2G+PBhgKqeBsSsXZMMkzmmlnMAOzoVmZUPumkHLlUnIbvrbQE8d0SQKRpANyTgIkQV3C9dIRLx1WTEByaUYbjxtwE4/g99a6e6D27I3ifkjCyUu+tZnmvvxjwyDwiNp9rZP6hDrsLw1VGlbu24zG9/Y4drPtbb2gMiirHlqKmWY7Acw== juanc@JC\n\n\nssh_pwauth: false\ndisable_root: false\n\npackages:\n  - python3\n  - sudo\n  - openssh-server\n  - qemu-guest-agent\n\nruncmd:\n  - systemctl enable qemu-guest-agent\n  - systemctl start qemu-guest-agent\n  - sed -i 's/^#PermitRootLogin.*/PermitRootLogin no/' /etc/ssh/sshd_config\n  - systemctl restart ssh\n\nfinal_message: \"VM db2 lista en $UPTIME segundos\"\n"
          },
          "sensitive_attributes": [],
          "identity_schema_version": 0,
          "private": "bnVsbA=="
        },
        {
          "index_key": "db3",
          "schema_version": 0,
          "attributes": {
            "id": "/var/lib/libvirt/images/db3-cloudinit.iso;ae9209fd-d58f-4e13-b367-16ec7b43be93",
            "meta_data": "",
            "name": "db3-cloudinit.iso",
            "network_config": "version: 2\nethernets:\n  ens3:\n    dhcp4: false\n    addresses:\n      - 192.168.122.23/24\n    gateway4: 192.168.122.1\n    nameservers:\n      addresses:\n        - 192.168.122.1\n        - 8.8.8.8\n",
            "pool": "default",
            "user_data": "#cloud-config\nhostname: db3\nfqdn: db3.local\nmanage_etc_hosts: true\n\nusers:\n  - name: debian\n    sudo: ALL=(ALL) NOPASSWD:ALL\n    shell: /bin/bash\n    ssh_authorized_keys:\n      - ssh-rsa AAAAB3NzaC1yc2EAAAADAQABAAACAQDhhWdxmEI4IafttsdsP2FYJFJwNa6VDX8CMFI1KZhouT2lL8nLP/Orjm5qEzPSpu6L8EF90RebIdIoxWjrJi/oK4uSS/7odXJNMiyLxgDwjMjQ0NbnCgH126phyJR7bPyRwu9Orp/gqxBpl0RNrLC8g4Ku17GySy4nShVUaMR8DUBLjF1uMv0js4e1BgnHWYLqTav8njB7ARMaGDac+fsc50cjivaga4+YG+KNlET40XozgkikHJaygKZ2+eaIadBQnrHmdyozrl8CXrJdolf1rMP+F5iiTXDzXjFLuu9BtcNEM7RmL8NPz8aY8b+4wCSg8VDZ2hEmduAkCR8TzX7A7gUw7vejXBn9aqoal3qHEJH06GcTlZggUGZT3VIxzFlfRhSFKQOD8uQgJQzSg+BrQ8SrXPstN3Q4hwDUtIkTGKk5Pv6+CZlTqzoF0bvoUmYpqBjXyvDNU1UEuFaN9bih4eUPkeRiq5QL9cSc182liIKWQc3ScASOijiw0gi2G+PBhgKqeBsSsXZMMkzmmlnMAOzoVmZUPumkHLlUnIbvrbQE8d0SQKRpANyTgIkQV3C9dIRLx1WTEByaUYbjxtwE4/g99a6e6D27I3ifkjCyUu+tZnmvvxjwyDwiNp9rZP6hDrsLw1VGlbu24zG9/Y4drPtbb2gMiirHlqKmWY7Acw== juanc@JC\n\n\nssh_pwauth: false\ndisable_root: false\n\npackages:\n  - python3\n  - sudo\n  - openssh-server\n  - qemu-guest-agent\n\nruncmd:\n  - systemctl enable qemu-guest-agent\n  - systemctl start qemu-guest-agent\n  - sed -i 's/^#PermitRootLogin.*/PermitRootLogin no/' /etc/ssh/sshd_config\n  - systemctl restart ssh\n\nfinal_message: \"VM db3 lista en $UPTIME segundos\"\n"
          },
          "sensitive_attributes": [],
          "identity_schema_version": 0,
          "private": "bnVsbA=="
        },
        {
          "index_key": "lb1",
          "schema_version": 0,
          "attributes": {
            "id": "/var/lib/libvirt/images/lb1-cloudinit.iso;12ad3bad-15a4-4b45-8d62-a551f56061ee",
            "meta_data": "",
            "name": "lb1-cloudinit.iso",
            "network_config": "version: 2\nethernets:\n  ens3:\n    dhcp4: false\n    addresses:\n      - 192.168.122.11/24\n    gateway4: 192.168.122.1\n    nameservers:\n      addresses:\n        - 192.168.122.1\n        - 8.8.8.8\n",
            "pool": "default",
            "user_data": "#cloud-config\nhostname: lb1\nfqdn: lb1.local\nmanage_etc_hosts: true\n\nusers:\n  - name: debian\n    sudo: ALL=(ALL) NOPASSWD:ALL\n    shell: /bin/bash\n    ssh_authorized_keys:\n      - ssh-rsa AAAAB3NzaC1yc2EAAAADAQABAAACAQDhhWdxmEI4IafttsdsP2FYJFJwNa6VDX8CMFI1KZhouT2lL8nLP/Orjm5qEzPSpu6L8EF90RebIdIoxWjrJi/oK4uSS/7odXJNMiyLxgDwjMjQ0NbnCgH126phyJR7bPyRwu9Orp/gqxBpl0RNrLC8g4Ku17GySy4nShVUaMR8DUBLjF1uMv0js4e1BgnHWYLqTav8njB7ARMaGDac+fsc50cjivaga4+YG+KNlET40XozgkikHJaygKZ2+eaIadBQnrHmdyozrl8CXrJdolf1rMP+F5iiTXDzXjFLuu9BtcNEM7RmL8NPz8aY8b+4wCSg8VDZ2hEmduAkCR8TzX7A7gUw7vejXBn9aqoal3qHEJH06GcTlZggUGZT3VIxzFlfRhSFKQOD8uQgJQzSg+BrQ8SrXPstN3Q4hwDUtIkTGKk5Pv6+CZlTqzoF0bvoUmYpqBjXyvDNU1UEuFaN9bih4eUPkeRiq5QL9cSc182liIKWQc3ScASOijiw0gi2G+PBhgKqeBsSsXZMMkzmmlnMAOzoVmZUPumkHLlUnIbvrbQE8d0SQKRpANyTgIkQV3C9dIRLx1WTEByaUYbjxtwE4/g99a6e6D27I3ifkjCyUu+tZnmvvxjwyDwiNp9rZP6hDrsLw1VGlbu24zG9/Y4drPtbb2gMiirHlqKmWY7Acw== juanc@JC\n\n\nssh_pwauth: false\ndisable_root: false\n\npackages:\n  - python3\n  - sudo\n  - openssh-server\n  - qemu-guest-agent\n\nruncmd:\n  - systemctl enable qemu-guest-agent\n  - systemctl start qemu-guest-agent\n  - sed -i 's/^#PermitRootLogin.*/PermitRootLogin no/' /etc/ssh/sshd_config\n  - systemctl restart ssh\n\nfinal_message: \"VM lb1 lista en $UPTIME segundos\"\n"
          },
          "sensitive_attributes": [],
          "identity_schema_version": 0,
          "private": "bnVsbA=="
        },
        {
          "index_key": "lb2",
          "schema_version": 0,
          "attributes": {
            "id": "/var/lib/libvirt/images/lb2-cloudinit.iso;2f37754c-18c0-4ac7-a388-793e3d91f2ee",
            "meta_data": "",
            "name": "lb2-cloudinit.iso",
            "network_config": "version: 2\nethernets:\n  ens3:\n    dhcp4: false\n    addresses:\n      - 192.168.122.12/24\n    gateway4: 192.168.122.1\n    nameservers:\n      addresses:\n        - 192.168.122.1\n        - 8.8.8.8\n",
            "pool": "default",
            "user_data": "#cloud-config\nhostname: lb2\nfqdn: lb2.local\nmanage_etc_hosts: true\n\nusers:\n  - name: debian\n    sudo: ALL=(ALL) NOPASSWD:ALL\n    shell: /bin/bash\n    ssh_authorized_keys:\n      - ssh-rsa AAAAB3NzaC1yc2EAAAADAQABAAACAQDhhWdxmEI4IafttsdsP2FYJFJwNa6VDX8CMFI1KZhouT2lL8nLP/Orjm5qEzPSpu6L8EF90RebIdIoxWjrJi/oK4uSS/7odXJNMiyLxgDwjMjQ0NbnCgH126phyJR7bPyRwu9Orp/gqxBpl0RNrLC8g4Ku17GySy4nShVUaMR8DUBLjF1uMv0js4e1BgnHWYLqTav8njB7ARMaGDac+fsc50cjivaga4+YG+KNlET40XozgkikHJaygKZ2+eaIadBQnrHmdyozrl8CXrJdolf1rMP+F5iiTXDzXjFLuu9BtcNEM7RmL8NPz8aY8b+4wCSg8VDZ2hEmduAkCR8TzX7A7gUw7vejXBn9aqoal3qHEJH06GcTlZggUGZT3VIxzFlfRhSFKQOD8uQgJQzSg+BrQ8SrXPstN3Q4hwDUtIkTGKk5Pv6+CZlTqzoF0bvoUmYpqBjXyvDNU1UEuFaN9bih4eUPkeRiq5QL9cSc182liIKWQc3ScASOijiw0gi2G+PBhgKqeBsSsXZMMkzmmlnMAOzoVmZUPumkHLlUnIbvrbQE8d0SQKRpANyTgIkQV3C9dIRLx1WTEByaUYbjxtwE4/g99a6e6D27I3ifkjCyUu+tZnmvvxjwyDwiNp9rZP6hDrsLw1VGlbu24zG9/Y4drPtbb2gMiirHlqKmWY7Acw== juanc@JC\n\n\nssh_pwauth: false\ndisable_root: false\n\npackages:\n  - python3\n  - sudo\n  - openssh-server\n  - qemu-guest-agent\n\nruncmd:\n  - systemctl enable qemu-guest-agent\n  - systemctl start qemu-guest-agent\n  - sed -i 's/^#PermitRootLogin.*/PermitRootLogin no/' /etc/ssh/sshd_config\n  - systemctl restart ssh\n\nfinal_message: \"VM lb2 lista en $UPTIME segundos\"\n"
          },
          "sensitive_attributes": [],
          "identity_schema_version": 0,
          "private": "bnVsbA=="
        }
      ]
    },
    {
      "mode": "managed",
      "type": "libvirt_domain",
      "name": "vm",
      "provider": "provider[\"registry.terraform.io/dmacvicar/libvirt\"]",
      "instances": [
        {
          "index_key": "db1",
          "schema_version": 0,
          "attributes": {
            "arch": "x86_64",
            "autostart": false,
            "boot_device": [],
            "cloudinit": "/var/lib/libvirt/images/db1-cloudinit.iso;474f28eb-5474-4f39-8a9e-3f4f61caf546",
            "cmdline": [],
            "console": [
              {
                "source_host": "127.0.0.1",
                "source_path": "",
                "source_service": "0",
                "target_port": "0",
                "target_type": "serial",
                "type": "pty"
              }
            ],
            "coreos_ignition": null,
            "cpu": [
              {
                "mode": "custom"
              }
            ],
            "description": "",
            "disk": [
              {
                "block_device": "",
                "file": "",
                "scsi": false,
                "url": "",
                "volume_id": "/var/lib/libvirt/images/db1-disk.qcow2",
                "wwn": ""
              }
            ],
            "emulator": "/usr/bin/qemu-system-x86_64",
            "filesystem": [],
            "firmware": null,
            "fw_cfg_name": "opt/com.coreos/config",
            "graphics": [
              {
                "autoport": true,
                "listen_address": "127.0.0.1",
                "listen_type": "address",
                "type": "spice",
                "websocket": 0
              }
            ],
            "id": "2975b06c-6b6a-4d3f-b961-9057a82837e3",
            "initrd": "",
            "kernel": "",
            "machine": "pc",
            "memory": 512,
            "metadata": null,
            "name": "db1",
            "network_interface": [
              {
                "addresses": [],
                "bridge": "",
                "hostname": "",
                "mac": "52:54:00:C2:07:EB",
                "macvtap": "",
                "network_id": "a510e043-ac4d-436c-bce0-6cef79dd13d4",
                "network_name": "default",
                "passthrough": "",
                "vepa": "",
                "wait_for_lease": false
              }
            ],
            "nvram": [],
            "qemu_agent": false,
            "running": true,
            "timeouts": null,
            "tpm": [],
            "type": "kvm",
            "vcpu": 1,
            "video": [],
            "xml": []
          },
          "sensitive_attributes": [],
          "identity_schema_version": 0,
          "private": "eyJlMmJmYjczMC1lY2FhLTExZTYtOGY4OC0zNDM2M2JjN2M0YzAiOnsiY3JlYXRlIjozMDAwMDAwMDAwMDB9fQ==",
          "dependencies": [
            "libvirt_cloudinit_disk.vm_cloudinit",
            "libvirt_volume.base_image",
            "libvirt_volume.vm_disk"
          ]
        },
        {
          "index_key": "db2",
          "schema_version": 0,
          "attributes": {
            "arch": "x86_64",
            "autostart": false,
            "boot_device": [],
            "cloudinit": "/var/lib/libvirt/images/db2-cloudinit.iso;cb0c135c-02e1-49cb-b48a-8f6057a864e7",
            "cmdline": [],
            "console": [
              {
                "source_host": "127.0.0.1",
                "source_path": "",
                "source_service": "0",
                "target_port": "0",
                "target_type": "serial",
                "type": "pty"
              }
            ],
            "coreos_ignition": null,
            "cpu": [
              {
                "mode": "custom"
              }
            ],
            "description": "",
            "disk": [
              {
                "block_device": "",
                "file": "",
                "scsi": false,
                "url": "",
                "volume_id": "/var/lib/libvirt/images/db2-disk.qcow2",
                "wwn": ""
              }
            ],
            "emulator": "/usr/bin/qemu-system-x86_64",
            "filesystem": [],
            "firmware": null,
            "fw_cfg_name": "opt/com.coreos/config",
            "graphics": [
              {
                "autoport": true,
                "listen_address": "127.0.0.1",
                "listen_type": "address",
                "type": "spice",
                "websocket": 0
              }
            ],
            "id": "f9e2c026-925c-4ae0-88ac-34667ddc7866",
            "initrd": "",
            "kernel": "",
            "machine": "pc",
            "memory": 512,
            "metadata": null,
            "name": "db2",
            "network_interface": [
              {
                "addresses": [],
                "bridge": "",
                "hostname": "",
                "mac": "52:54:00:C2:BE:E1",
                "macvtap": "",
                "network_id": "a510e043-ac4d-436c-bce0-6cef79dd13d4",
                "network_name": "default",
                "passthrough": "",
                "vepa": "",
                "wait_for_lease": false
              }
            ],
            "nvram": [],
            "qemu_agent": false,
            "running": true,
            "timeouts": null,
            "tpm": [],
            "type": "kvm",
            "vcpu": 1,
            "video": [],
            "xml": []
          },
          "sensitive_attributes": [],
          "identity_schema_version": 0,
          "private": "eyJlMmJmYjczMC1lY2FhLTExZTYtOGY4OC0zNDM2M2JjN2M0YzAiOnsiY3JlYXRlIjozMDAwMDAwMDAwMDB9fQ==",
          "dependencies": [
            "libvirt_cloudinit_disk.vm_cloudinit",
            "libvirt_volume.base_image",
            "libvirt_volume.vm_disk"
          ]
        },
        {
          "index_key": "db3",
          "schema_version": 0,
          "attributes": {
            "arch": "x86_64",
            "autostart": false,
            "boot_device": [],
            "cloudinit": "/var/lib/libvirt/images/db3-cloudinit.iso;ae9209fd-d58f-4e13-b367-16ec7b43be93",
            "cmdline": [],
            "console": [
              {
                "source_host": "127.0.0.1",
                "source_path": "",
                "source_service": "0",
                "target_port": "0",
                "target_type": "serial",
                "type": "pty"
              }
            ],
            "coreos_ignition": null,
            "cpu": [
              {
                "mode": "custom"
              }
            ],
            "description": "",
            "disk": [
              {
                "block_device": "",
                "file": "",
                "scsi": false,
                "url": "",
                "volume_id": "/var/lib/libvirt/images/db3-disk.qcow2",
                "wwn": ""
              }
            ],
            "emulator": "/usr/bin/qemu-system-x86_64",
            "filesystem": [],
            "firmware": null,
            "fw_cfg_name": "opt/com.coreos/config",
            "graphics": [
              {
                "autoport": true,
                "listen_address": "127.0.0.1",
                "listen_type": "address",
                "type": "spice",
                "websocket": 0
              }
            ],
            "id": "5fb2ba19-e27c-46af-a157-2609c41ecc9e",
            "initrd": "",
            "kernel": "",
            "machine": "pc",
            "memory": 512,
            "metadata": null,
            "name": "db3",
            "network_interface": [
              {
                "addresses": [],
                "bridge": "",
                "hostname": "",
                "mac": "52:54:00:A6:F9:39",
                "macvtap": "",
                "network_id": "a510e043-ac4d-436c-bce0-6cef79dd13d4",
                "network_name": "default",
                "passthrough": "",
                "vepa": "",
                "wait_for_lease": false
              }
            ],
            "nvram": [],
            "qemu_agent": false,
            "running": true,
            "timeouts": null,
            "tpm": [],
            "type": "kvm",
            "vcpu": 1,
            "video": [],
            "xml": []
          },
          "sensitive_attributes": [],
          "identity_schema_version": 0,
          "private": "eyJlMmJmYjczMC1lY2FhLTExZTYtOGY4OC0zNDM2M2JjN2M0YzAiOnsiY3JlYXRlIjozMDAwMDAwMDAwMDB9fQ==",
          "dependencies": [
            "libvirt_cloudinit_disk.vm_cloudinit",
            "libvirt_volume.base_image",
            "libvirt_volume.vm_disk"
          ]
        },
        {
          "index_key": "lb1",
          "schema_version": 0,
          "attributes": {
            "arch": "x86_64",
            "autostart": false,
            "boot_device": [],
            "cloudinit": "/var/lib/libvirt/images/lb1-cloudinit.iso;12ad3bad-15a4-4b45-8d62-a551f56061ee",
            "cmdline": [],
            "console": [
              {
                "source_host": "127.0.0.1",
                "source_path": "",
                "source_service": "0",
                "target_port": "0",
                "target_type": "serial",
                "type": "pty"
              }
            ],
            "coreos_ignition": null,
            "cpu": [
              {
                "mode": "custom"
              }
            ],
            "description": "",
            "disk": [
              {
                "block_device": "",
                "file": "",
                "scsi": false,
                "url": "",
                "volume_id": "/var/lib/libvirt/images/lb1-disk.qcow2",
                "wwn": ""
              }
            ],
            "emulator": "/usr/bin/qemu-system-x86_64",
            "filesystem": [],
            "firmware": null,
            "fw_cfg_name": "opt/com.coreos/config",
            "graphics": [
              {
                "autoport": true,
                "listen_address": "127.0.0.1",
                "listen_type": "address",
                "type": "spice",
                "websocket": 0
              }
            ],
            "id": "108f34b7-3f23-4e06-b337-e27f4660d189",
            "initrd": "",
            "kernel": "",
            "machine": "pc",
            "memory": 384,
            "metadata": null,
            "name": "lb1",
            "network_interface": [
              {
                "addresses": [],
                "bridge": "",
                "hostname": "",
                "mac": "52:54:00:EE:D4:F5",
                "macvtap": "",
                "network_id": "a510e043-ac4d-436c-bce0-6cef79dd13d4",
                "network_name": "default",
                "passthrough": "",
                "vepa": "",
                "wait_for_lease": false
              }
            ],
            "nvram": [],
            "qemu_agent": false,
            "running": true,
            "timeouts": null,
            "tpm": [],
            "type": "kvm",
            "vcpu": 1,
            "video": [],
            "xml": []
          },
          "sensitive_attributes": [],
          "identity_schema_version": 0,
          "private": "eyJlMmJmYjczMC1lY2FhLTExZTYtOGY4OC0zNDM2M2JjN2M0YzAiOnsiY3JlYXRlIjozMDAwMDAwMDAwMDB9fQ==",
          "dependencies": [
            "libvirt_cloudinit_disk.vm_cloudinit",
            "libvirt_volume.base_image",
            "libvirt_volume.vm_disk"
          ]
        },
        {
          "index_key": "lb2",
          "schema_version": 0,
          "attributes": {
            "arch": "x86_64",
            "autostart": false,
            "boot_device": [],
            "cloudinit": "/var/lib/libvirt/images/lb2-cloudinit.iso;2f37754c-18c0-4ac7-a388-793e3d91f2ee",
            "cmdline": [],
            "console": [
              {
                "source_host": "127.0.0.1",
                "source_path": "",
                "source_service": "0",
                "target_port": "0",
                "target_type": "serial",
                "type": "pty"
              }
            ],
            "coreos_ignition": null,
            "cpu": [
              {
                "mode": "custom"
              }
            ],
            "description": "",
            "disk": [
              {
                "block_device": "",
                "file": "",
                "scsi": false,
                "url": "",
                "volume_id": "/var/lib/libvirt/images/lb2-disk.qcow2",
                "wwn": ""
              }
            ],
            "emulator": "/usr/bin/qemu-system-x86_64",
            "filesystem": [],
            "firmware": null,
            "fw_cfg_name": "opt/com.coreos/config",
            "graphics": [
              {
                "autoport": true,
                "listen_address": "127.0.0.1",
                "listen_type": "address",
                "type": "spice",
                "websocket": 0
              }
            ],
            "id": "75df4df0-bf87-42e6-a0bf-d1ff135effef",
            "initrd": "",
            "kernel": "",
            "machine": "pc",
            "memory": 384,
            "metadata": null,
            "name": "lb2",
            "network_interface": [
              {
                "addresses": [],
                "bridge": "",
                "hostname": "",
                "mac": "52:54:00:46:33:00",
                "macvtap": "",
                "network_id": "a510e043-ac4d-436c-bce0-6cef79dd13d4",
                "network_name": "default",
                "passthrough": "",
                "vepa": "",
                "wait_for_lease": false
              }
            ],
            "nvram": [],
            "qemu_agent": false,
            "running": true,
            "timeouts": null,
            "tpm": [],
            "type": "kvm",
            "vcpu": 1,
            "video": [],
            "xml": []
          },
          "sensitive_attributes": [],
          "identity_schema_version": 0,
          "private": "eyJlMmJmYjczMC1lY2FhLTExZTYtOGY4OC0zNDM2M2JjN2M0YzAiOnsiY3JlYXRlIjozMDAwMDAwMDAwMDB9fQ==",
          "dependencies": [
            "libvirt_cloudinit_disk.vm_cloudinit",
            "libvirt_volume.base_image",
            "libvirt_volume.vm_disk"
          ]
        }
      ]
    },
    {
      "mode": "managed",
      "type": "libvirt_volume",
      "name": "base_image",
      "provider": "provider[\"registry.terraform.io/dmacvicar/libvirt\"]",
      "instances": [
        {
          "schema_version": 0,
          "attributes": {
            "base_volume_id": null,
            "base_volume_name": null,
            "base_volume_pool": null,
            "format": "qcow2",
            "id": "/var/lib/libvirt/images/debian-12-base.qcow2",
            "name": "debian-12-base.qcow2",
            "pool": "default",
            "size": 3221225472,
            "source": "https://cloud.debian.org/images/cloud/bookworm/latest/debian-12-generic-amd64.qcow2",
            "xml": []
          },
          "sensitive_attributes": [],
          "identity_schema_version": 0,
          "private": "bnVsbA=="
        }
      ]
    },
    {
      "mode": "managed",
      "type": "libvirt_volume",
      "name": "vm_disk",
      "provider": "provider[\"registry.terraform.io/dmacvicar/libvirt\"]",
      "instances": [
        {
          "index_key": "db1",
          "schema_version": 0,
          "attributes": {
            "base_volume_id": "/var/lib/libvirt/images/debian-12-base.qcow2",
            "base_volume_name": null,
            "base_volume_pool": null,
            "format": "qcow2",
            "id": "/var/lib/libvirt/images/db1-disk.qcow2",
            "name": "db1-disk.qcow2",
            "pool": "default",
            "size": 5368709120,
            "source": null,
            "xml": []
          },
          "sensitive_attributes": [],
          "identity_schema_version": 0,
          "private": "bnVsbA==",
          "dependencies": [
            "libvirt_volume.base_image"
          ]
        },
        {
          "index_key": "db2",
          "schema_version": 0,
          "attributes": {
            "base_volume_id": "/var/lib/libvirt/images/debian-12-base.qcow2",
            "base_volume_name": null,
            "base_volume_pool": null,
            "format": "qcow2",
            "id": "/var/lib/libvirt/images/db2-disk.qcow2",
            "name": "db2-disk.qcow2",
            "pool": "default",
            "size": 5368709120,
            "source": null,
            "xml": []
          },
          "sensitive_attributes": [],
          "identity_schema_version": 0,
          "private": "bnVsbA==",
          "dependencies": [
            "libvirt_volume.base_image"
          ]
        },
        {
          "index_key": "db3",
          "schema_version": 0,
          "attributes": {
            "base_volume_id": "/var/lib/libvirt/images/debian-12-base.qcow2",
            "base_volume_name": null,
            "base_volume_pool": null,
            "format": "qcow2",
            "id": "/var/lib/libvirt/images/db3-disk.qcow2",
            "name": "db3-disk.qcow2",
            "pool": "default",
            "size": 5368709120,
            "source": null,
            "xml": []
          },
          "sensitive_attributes": [],
          "identity_schema_version": 0,
          "private": "bnVsbA==",
          "dependencies": [
            "libvirt_volume.base_image"
          ]
        },
        {
          "index_key": "lb1",
          "schema_version": 0,
          "attributes": {
            "base_volume_id": "/var/lib/libvirt/images/debian-12-base.qcow2",
            "base_volume_name": null,
            "base_volume_pool": null,
            "format": "qcow2",
            "id": "/var/lib/libvirt/images/lb1-disk.qcow2",
            "name": "lb1-disk.qcow2",
            "pool": "default",
            "size": 5368709120,
            "source": null,
            "xml": []
          },
          "sensitive_attributes": [],
          "identity_schema_version": 0,
          "private": "bnVsbA==",
          "dependencies": [
            "libvirt_volume.base_image"
          ]
        },
        {
          "index_key": "lb2",
          "schema_version": 0,
          "attributes": {
            "base_volume_id": "/var/lib/libvirt/images/debian-12-base.qcow2",
            "base_volume_name": null,
            "base_volume_pool": null,
            "format": "qcow2",
            "id": "/var/lib/libvirt/images/lb2-disk.qcow2",
            "name": "lb2-disk.qcow2",
            "pool": "default",
            "size": 5368709120,
            "source": null,
            "xml": []
          },
          "sensitive_attributes": [],
          "identity_schema_version": 0,
          "private": "bnVsbA==",
          "dependencies": [
            "libvirt_volume.base_image"
          ]
        }
      ]
    },
    {
      "mode": "managed",
      "type": "local_file",
      "name": "ansible_inventory",
      "provider": "provider[\"registry.terraform.io/hashicorp/local\"]",
      "instances": [
        {
          "schema_version": 0,
          "attributes": {
            "content": "    all:\n      vars:\n        ansible_user: debian\n        ansible_ssh_private_key_file: ~/.ssh/id_rsa\n        ansible_python_interpreter: /usr/bin/python3\n      children:\n        loadbalancers:\n          hosts:\n            lb1:\n              ansible_host: 192.168.122.11\n            lb2:\n              ansible_host: 192.168.122.12\n        databases:\n          hosts:\n            db1:\n              ansible_host: 192.168.122.21\n            db2:\n              ansible_host: 192.168.122.22\n            db3:\n              ansible_host: 192.168.122.23\n",
            "content_base64": null,
            "content_base64sha256": "R79s35xG5JYmlwxQRA5isVicv1KAHTvr9gwL01dVYSs=",
            "content_base64sha512": "hbjaftGaSoN9WaNCI2Acf3M1kzIQ1VKPkcbRISNpBGC+7fvQ0gljfpeuhNcjRVh4AiGbwbBJifrHIoCkZpTMxA==",
            "content_md5": "c3588a9d2cefc71ac928b5c1c983d6f9",
            "content_sha1": "833966f6bafd1cc79a95418fb8308195253601bf",
            "content_sha256": "47bf6cdf9c46e49626970c50440e62b1589cbf52801d3bebf60c0bd35755612b",
            "content_sha512": "85b8da7ed19a4a837d59a34223601c7f7335933210d5528f91c6d12123690460beedfbd0d209637e97ae84d72345587802219bc1b04989fac72280a46694ccc4",
            "directory_permission": "0777",
            "file_permission": "0777",
            "filename": "./../ansible/inventory/hosts.yml",
            "id": "833966f6bafd1cc79a95418fb8308195253601bf",
            "sensitive_content": null,
            "source": null
          },
          "sensitive_attributes": [
            [
              {
                "type": "get_attr",
                "value": "sensitive_content"
              }
            ]
          ],
          "identity_schema_version": 0,
          "dependencies": [
            "libvirt_cloudinit_disk.vm_cloudinit",
            "libvirt_domain.vm",
            "libvirt_volume.base_image",
            "libvirt_volume.vm_disk",
            "null_resource.wait_for_vms"
          ]
        }
      ]
    },
    {
      "mode": "managed",
      "type": "null_resource",
      "name": "wait_for_vms",
      "provider": "provider[\"registry.terraform.io/hashicorp/null\"]",
      "instances": [
        {
          "index_key": "db1",
          "schema_version": 0,
          "attributes": {
            "id": "6062118662787339605",
            "triggers": null
          },
          "sensitive_attributes": [],
          "identity_schema_version": 0,
          "dependencies": [
            "libvirt_cloudinit_disk.vm_cloudinit",
            "libvirt_domain.vm",
            "libvirt_volume.base_image",
            "libvirt_volume.vm_disk"
          ]
        },
        {
          "index_key": "db2",
          "schema_version": 0,
          "attributes": {
            "id": "6722737002324485145",
            "triggers": null
          },
          "sensitive_attributes": [],
          "identity_schema_version": 0,
          "dependencies": [
            "libvirt_cloudinit_disk.vm_cloudinit",
            "libvirt_domain.vm",
            "libvirt_volume.base_image",
            "libvirt_volume.vm_disk"
          ]
        },
        {
          "index_key": "db3",
          "schema_version": 0,
          "attributes": {
            "id": "5184242240732454145",
            "triggers": null
          },
          "sensitive_attributes": [],
          "identity_schema_version": 0,
          "dependencies": [
            "libvirt_cloudinit_disk.vm_cloudinit",
            "libvirt_domain.vm",
            "libvirt_volume.base_image",
            "libvirt_volume.vm_disk"
          ]
        },
        {
          "index_key": "lb1",
          "schema_version": 0,
          "attributes": {
            "id": "4563573275036058807",
            "triggers": null
          },
          "sensitive_attributes": [],
          "identity_schema_version": 0,
          "dependencies": [
            "libvirt_cloudinit_disk.vm_cloudinit",
            "libvirt_domain.vm",
            "libvirt_volume.base_image",
            "libvirt_volume.vm_disk"
          ]
        },
        {
          "index_key": "lb2",
          "schema_version": 0,
          "attributes": {
            "id": "3215786856620463666",
            "triggers": null
          },
          "sensitive_attributes": [],
          "identity_schema_version": 0,
          "dependencies": [
            "libvirt_cloudinit_disk.vm_cloudinit",
            "libvirt_domain.vm",
            "libvirt_volume.base_image",
            "libvirt_volume.vm_disk"
          ]
        }
      ]
    }
  ],
  "check_results": null
}
