{
  "version": 4,
  "terraform_version": "1.14.8",
  "serial": 229,
  "lineage": "739990ac-e794-620d-fb3d-a2e8ebd2db52",
  "outputs": {
    "db_ips": {
      "value": {
        "galera1": "192.168.122.21",
        "galera2": "192.168.122.22",
        "galera3": "192.168.122.23"
      },
      "type": [
        "object",
        {
          "galera1": "string",
          "galera2": "string",
          "galera3": "string"
        }
      ]
    },
    "lb_ips": {
      "value": {
        "proxy1": "192.168.122.11",
        "proxy2": "192.168.122.12"
      },
      "type": [
        "object",
        {
          "proxy1": "string",
          "proxy2": "string"
        }
      ]
    },
    "ssh_connection_examples": {
      "value": "# Conectar a balanceadores:\nssh debian@192.168.122.11  # proxy1\nssh debian@192.168.122.12  # proxy2\n\n# Conectar a nodos de BD:\nssh debian@192.168.122.21  # galera1\nssh debian@192.168.122.22  # galera2\nssh debian@192.168.122.23  # galera3\n\n# Conectar a MySQL via VIP:\nmysql --skip-ssl -h 192.168.122.10 -P 3306 -u haproxy_check\n",
      "type": "string"
    },
    "vip_address": {
      "value": "192.168.122.10",
      "type": "string"
    }
  },
  "resources": [
    {
      "mode": "managed",
      "type": "libvirt_cloudinit_disk",
      "name": "vm_cloudinit",
      "provider": "provider[\"registry.terraform.io/dmacvicar/libvirt\"]",
      "instances": [
        {
          "index_key": "galera1",
          "schema_version": 0,
          "attributes": {
            "id": "/var/lib/libvirt/images/galera1-cloudinit.iso;75140af1-69e1-4d07-ae2d-f253ee29cd9e",
            "meta_data": "",
            "name": "galera1-cloudinit.iso",
            "network_config": "version: 2\nethernets:\n  ens3:\n    dhcp4: false\n    addresses:\n      - 192.168.122.21/24\n    gateway4: 192.168.122.1\n    nameservers:\n      addresses:\n        - 192.168.122.1\n        - 8.8.8.8\n",
            "pool": "default",
            "user_data": "#cloud-config\nhostname: galera1\nfqdn: galera1.local\nmanage_etc_hosts: true\n\nusers:\n  - name: debian\n    sudo: ALL=(ALL) NOPASSWD:ALL\n    shell: /bin/bash\n    ssh_authorized_keys:\n      - ssh-rsa AAAAB3NzaC1yc2EAAAADAQABAAACAQCmKLVgCvsSvNJZR7Fc8uMOZAu4DI+f0BUK2d6TZdnwns04AH0NgMbm7ZHhDlNc/tvpqcO0PjRJYZuSdL3dNOslpBNRmNxiFwEeD5zypkrLjAJxGKjLWRAC7T7f62ItoojfGrAkPCUE+yHtHxH0LLqsm1PuOhdj44zqXOe9yTc3wIWOVzO5ASuXy7kGbsjc8Slk9Gnw955NMr1KmA3Xl2wgh2pEHKn9Z0Y6hd0LcN+gJa05Vx3Qfx03V4/rcFGAwPlZbgcsYJa6h9lEGB8RGBGrs+JLdh5/zNKqRsSXc1h8sruiVJ7tdYFY1D8SqH5FKAHgBRtLz/Q9r5ej779h2s7pwIJIYium+8SIpkFxb4Hdjdy3O6/iaUO9NZkfN7T61sUMd98vlUgae2CNYP+vYiln2zfGWN1om3jqMUKhhrQFIqh++5L6b78T6Fagftkd+pg1O6gyqToMEtHpHlWtgBsAzPN4e5e/yZ9Vpn5gqVGVT4IibGi6SP6q53XRaoFSI4kF0lA5DjZ+xzUd7slokS7+6NeIfNykI2H+Ry/iJlfu3Avrs4xCT9bKbrlYUBu+QVrsAnZwU9TiUuOeSlKh6ettU4f+tcDhldgg05I2f9pxlMrYrM0wd+29wBLuDS3K6jsgHCJym2vYLff9LiAssyeQSK4+maOs+Otq/yUTI0dvkw== paolo@archlinux\n\n\nssh_pwauth: false\ndisable_root: false\n\npackages:\n  - python3\n  - sudo\n  - openssh-server\n  - qemu-guest-agent\n\nruncmd:\n  - systemctl enable qemu-guest-agent\n  - systemctl start qemu-guest-agent\n  - sed -i 's/^#PermitRootLogin.*/PermitRootLogin no/' /etc/ssh/sshd_config\n  - systemctl restart ssh\n\nfinal_message: \"VM galera1 lista en $UPTIME segundos\"\n"
          },
          "sensitive_attributes": [],
          "identity_schema_version": 0,
          "private": "bnVsbA=="
        },
        {
          "index_key": "galera2",
          "schema_version": 0,
          "attributes": {
            "id": "/var/lib/libvirt/images/galera2-cloudinit.iso;2f347c2e-004c-4010-8545-6dfce96b8df8",
            "meta_data": "",
            "name": "galera2-cloudinit.iso",
            "network_config": "version: 2\nethernets:\n  ens3:\n    dhcp4: false\n    addresses:\n      - 192.168.122.22/24\n    gateway4: 192.168.122.1\n    nameservers:\n      addresses:\n        - 192.168.122.1\n        - 8.8.8.8\n",
            "pool": "default",
            "user_data": "#cloud-config\nhostname: galera2\nfqdn: galera2.local\nmanage_etc_hosts: true\n\nusers:\n  - name: debian\n    sudo: ALL=(ALL) NOPASSWD:ALL\n    shell: /bin/bash\n    ssh_authorized_keys:\n      - ssh-rsa AAAAB3NzaC1yc2EAAAADAQABAAACAQCmKLVgCvsSvNJZR7Fc8uMOZAu4DI+f0BUK2d6TZdnwns04AH0NgMbm7ZHhDlNc/tvpqcO0PjRJYZuSdL3dNOslpBNRmNxiFwEeD5zypkrLjAJxGKjLWRAC7T7f62ItoojfGrAkPCUE+yHtHxH0LLqsm1PuOhdj44zqXOe9yTc3wIWOVzO5ASuXy7kGbsjc8Slk9Gnw955NMr1KmA3Xl2wgh2pEHKn9Z0Y6hd0LcN+gJa05Vx3Qfx03V4/rcFGAwPlZbgcsYJa6h9lEGB8RGBGrs+JLdh5/zNKqRsSXc1h8sruiVJ7tdYFY1D8SqH5FKAHgBRtLz/Q9r5ej779h2s7pwIJIYium+8SIpkFxb4Hdjdy3O6/iaUO9NZkfN7T61sUMd98vlUgae2CNYP+vYiln2zfGWN1om3jqMUKhhrQFIqh++5L6b78T6Fagftkd+pg1O6gyqToMEtHpHlWtgBsAzPN4e5e/yZ9Vpn5gqVGVT4IibGi6SP6q53XRaoFSI4kF0lA5DjZ+xzUd7slokS7+6NeIfNykI2H+Ry/iJlfu3Avrs4xCT9bKbrlYUBu+QVrsAnZwU9TiUuOeSlKh6ettU4f+tcDhldgg05I2f9pxlMrYrM0wd+29wBLuDS3K6jsgHCJym2vYLff9LiAssyeQSK4+maOs+Otq/yUTI0dvkw== paolo@archlinux\n\n\nssh_pwauth: false\ndisable_root: false\n\npackages:\n  - python3\n  - sudo\n  - openssh-server\n  - qemu-guest-agent\n\nruncmd:\n  - systemctl enable qemu-guest-agent\n  - systemctl start qemu-guest-agent\n  - sed -i 's/^#PermitRootLogin.*/PermitRootLogin no/' /etc/ssh/sshd_config\n  - systemctl restart ssh\n\nfinal_message: \"VM galera2 lista en $UPTIME segundos\"\n"
          },
          "sensitive_attributes": [],
          "identity_schema_version": 0,
          "private": "bnVsbA=="
        },
        {
          "index_key": "galera3",
          "schema_version": 0,
          "attributes": {
            "id": "/var/lib/libvirt/images/galera3-cloudinit.iso;3afaea60-98f7-4174-a374-5451d98bb4a1",
            "meta_data": "",
            "name": "galera3-cloudinit.iso",
            "network_config": "version: 2\nethernets:\n  ens3:\n    dhcp4: false\n    addresses:\n      - 192.168.122.23/24\n    gateway4: 192.168.122.1\n    nameservers:\n      addresses:\n        - 192.168.122.1\n        - 8.8.8.8\n",
            "pool": "default",
            "user_data": "#cloud-config\nhostname: galera3\nfqdn: galera3.local\nmanage_etc_hosts: true\n\nusers:\n  - name: debian\n    sudo: ALL=(ALL) NOPASSWD:ALL\n    shell: /bin/bash\n    ssh_authorized_keys:\n      - ssh-rsa AAAAB3NzaC1yc2EAAAADAQABAAACAQCmKLVgCvsSvNJZR7Fc8uMOZAu4DI+f0BUK2d6TZdnwns04AH0NgMbm7ZHhDlNc/tvpqcO0PjRJYZuSdL3dNOslpBNRmNxiFwEeD5zypkrLjAJxGKjLWRAC7T7f62ItoojfGrAkPCUE+yHtHxH0LLqsm1PuOhdj44zqXOe9yTc3wIWOVzO5ASuXy7kGbsjc8Slk9Gnw955NMr1KmA3Xl2wgh2pEHKn9Z0Y6hd0LcN+gJa05Vx3Qfx03V4/rcFGAwPlZbgcsYJa6h9lEGB8RGBGrs+JLdh5/zNKqRsSXc1h8sruiVJ7tdYFY1D8SqH5FKAHgBRtLz/Q9r5ej779h2s7pwIJIYium+8SIpkFxb4Hdjdy3O6/iaUO9NZkfN7T61sUMd98vlUgae2CNYP+vYiln2zfGWN1om3jqMUKhhrQFIqh++5L6b78T6Fagftkd+pg1O6gyqToMEtHpHlWtgBsAzPN4e5e/yZ9Vpn5gqVGVT4IibGi6SP6q53XRaoFSI4kF0lA5DjZ+xzUd7slokS7+6NeIfNykI2H+Ry/iJlfu3Avrs4xCT9bKbrlYUBu+QVrsAnZwU9TiUuOeSlKh6ettU4f+tcDhldgg05I2f9pxlMrYrM0wd+29wBLuDS3K6jsgHCJym2vYLff9LiAssyeQSK4+maOs+Otq/yUTI0dvkw== paolo@archlinux\n\n\nssh_pwauth: false\ndisable_root: false\n\npackages:\n  - python3\n  - sudo\n  - openssh-server\n  - qemu-guest-agent\n\nruncmd:\n  - systemctl enable qemu-guest-agent\n  - systemctl start qemu-guest-agent\n  - sed -i 's/^#PermitRootLogin.*/PermitRootLogin no/' /etc/ssh/sshd_config\n  - systemctl restart ssh\n\nfinal_message: \"VM galera3 lista en $UPTIME segundos\"\n"
          },
          "sensitive_attributes": [],
          "identity_schema_version": 0,
          "private": "bnVsbA=="
        },
        {
          "index_key": "proxy1",
          "schema_version": 0,
          "attributes": {
            "id": "/var/lib/libvirt/images/proxy1-cloudinit.iso;c24d79c7-8c12-4413-859a-41cc8e5b666c",
            "meta_data": "",
            "name": "proxy1-cloudinit.iso",
            "network_config": "version: 2\nethernets:\n  ens3:\n    dhcp4: false\n    addresses:\n      - 192.168.122.11/24\n    gateway4: 192.168.122.1\n    nameservers:\n      addresses:\n        - 192.168.122.1\n        - 8.8.8.8\n",
            "pool": "default",
            "user_data": "#cloud-config\nhostname: proxy1\nfqdn: proxy1.local\nmanage_etc_hosts: true\n\nusers:\n  - name: debian\n    sudo: ALL=(ALL) NOPASSWD:ALL\n    shell: /bin/bash\n    ssh_authorized_keys:\n      - ssh-rsa AAAAB3NzaC1yc2EAAAADAQABAAACAQCmKLVgCvsSvNJZR7Fc8uMOZAu4DI+f0BUK2d6TZdnwns04AH0NgMbm7ZHhDlNc/tvpqcO0PjRJYZuSdL3dNOslpBNRmNxiFwEeD5zypkrLjAJxGKjLWRAC7T7f62ItoojfGrAkPCUE+yHtHxH0LLqsm1PuOhdj44zqXOe9yTc3wIWOVzO5ASuXy7kGbsjc8Slk9Gnw955NMr1KmA3Xl2wgh2pEHKn9Z0Y6hd0LcN+gJa05Vx3Qfx03V4/rcFGAwPlZbgcsYJa6h9lEGB8RGBGrs+JLdh5/zNKqRsSXc1h8sruiVJ7tdYFY1D8SqH5FKAHgBRtLz/Q9r5ej779h2s7pwIJIYium+8SIpkFxb4Hdjdy3O6/iaUO9NZkfN7T61sUMd98vlUgae2CNYP+vYiln2zfGWN1om3jqMUKhhrQFIqh++5L6b78T6Fagftkd+pg1O6gyqToMEtHpHlWtgBsAzPN4e5e/yZ9Vpn5gqVGVT4IibGi6SP6q53XRaoFSI4kF0lA5DjZ+xzUd7slokS7+6NeIfNykI2H+Ry/iJlfu3Avrs4xCT9bKbrlYUBu+QVrsAnZwU9TiUuOeSlKh6ettU4f+tcDhldgg05I2f9pxlMrYrM0wd+29wBLuDS3K6jsgHCJym2vYLff9LiAssyeQSK4+maOs+Otq/yUTI0dvkw== paolo@archlinux\n\n\nssh_pwauth: false\ndisable_root: false\n\npackages:\n  - python3\n  - sudo\n  - openssh-server\n  - qemu-guest-agent\n\nruncmd:\n  - systemctl enable qemu-guest-agent\n  - systemctl start qemu-guest-agent\n  - sed -i 's/^#PermitRootLogin.*/PermitRootLogin no/' /etc/ssh/sshd_config\n  - systemctl restart ssh\n\nfinal_message: \"VM proxy1 lista en $UPTIME segundos\"\n"
          },
          "sensitive_attributes": [],
          "identity_schema_version": 0,
          "private": "bnVsbA=="
        },
        {
          "index_key": "proxy2",
          "schema_version": 0,
          "attributes": {
            "id": "/var/lib/libvirt/images/proxy2-cloudinit.iso;7c375add-a18a-4359-8d53-7c38c8cb7440",
            "meta_data": "",
            "name": "proxy2-cloudinit.iso",
            "network_config": "version: 2\nethernets:\n  ens3:\n    dhcp4: false\n    addresses:\n      - 192.168.122.12/24\n    gateway4: 192.168.122.1\n    nameservers:\n      addresses:\n        - 192.168.122.1\n        - 8.8.8.8\n",
            "pool": "default",
            "user_data": "#cloud-config\nhostname: proxy2\nfqdn: proxy2.local\nmanage_etc_hosts: true\n\nusers:\n  - name: debian\n    sudo: ALL=(ALL) NOPASSWD:ALL\n    shell: /bin/bash\n    ssh_authorized_keys:\n      - ssh-rsa AAAAB3NzaC1yc2EAAAADAQABAAACAQCmKLVgCvsSvNJZR7Fc8uMOZAu4DI+f0BUK2d6TZdnwns04AH0NgMbm7ZHhDlNc/tvpqcO0PjRJYZuSdL3dNOslpBNRmNxiFwEeD5zypkrLjAJxGKjLWRAC7T7f62ItoojfGrAkPCUE+yHtHxH0LLqsm1PuOhdj44zqXOe9yTc3wIWOVzO5ASuXy7kGbsjc8Slk9Gnw955NMr1KmA3Xl2wgh2pEHKn9Z0Y6hd0LcN+gJa05Vx3Qfx03V4/rcFGAwPlZbgcsYJa6h9lEGB8RGBGrs+JLdh5/zNKqRsSXc1h8sruiVJ7tdYFY1D8SqH5FKAHgBRtLz/Q9r5ej779h2s7pwIJIYium+8SIpkFxb4Hdjdy3O6/iaUO9NZkfN7T61sUMd98vlUgae2CNYP+vYiln2zfGWN1om3jqMUKhhrQFIqh++5L6b78T6Fagftkd+pg1O6gyqToMEtHpHlWtgBsAzPN4e5e/yZ9Vpn5gqVGVT4IibGi6SP6q53XRaoFSI4kF0lA5DjZ+xzUd7slokS7+6NeIfNykI2H+Ry/iJlfu3Avrs4xCT9bKbrlYUBu+QVrsAnZwU9TiUuOeSlKh6ettU4f+tcDhldgg05I2f9pxlMrYrM0wd+29wBLuDS3K6jsgHCJym2vYLff9LiAssyeQSK4+maOs+Otq/yUTI0dvkw== paolo@archlinux\n\n\nssh_pwauth: false\ndisable_root: false\n\npackages:\n  - python3\n  - sudo\n  - openssh-server\n  - qemu-guest-agent\n\nruncmd:\n  - systemctl enable qemu-guest-agent\n  - systemctl start qemu-guest-agent\n  - sed -i 's/^#PermitRootLogin.*/PermitRootLogin no/' /etc/ssh/sshd_config\n  - systemctl restart ssh\n\nfinal_message: \"VM proxy2 lista en $UPTIME segundos\"\n"
          },
          "sensitive_attributes": [],
          "identity_schema_version": 0,
          "private": "bnVsbA=="
        }
      ]
    },
    {
      "mode": "managed",
      "type": "libvirt_domain",
      "name": "vm",
      "provider": "provider[\"registry.terraform.io/dmacvicar/libvirt\"]",
      "instances": [
        {
          "index_key": "galera1",
          "schema_version": 0,
          "attributes": {
            "arch": "x86_64",
            "autostart": false,
            "boot_device": [],
            "cloudinit": "/var/lib/libvirt/images/galera1-cloudinit.iso;75140af1-69e1-4d07-ae2d-f253ee29cd9e",
            "cmdline": null,
            "console": [
              {
                "source_host": "127.0.0.1",
                "source_path": "",
                "source_service": "0",
                "target_port": "0",
                "target_type": "serial",
                "type": "pty"
              }
            ],
            "coreos_ignition": null,
            "cpu": [
              {
                "mode": "custom"
              }
            ],
            "description": "",
            "disk": [
              {
                "block_device": "",
                "file": "",
                "scsi": false,
                "url": "",
                "volume_id": "/var/lib/libvirt/images/galera1-disk.qcow2",
                "wwn": ""
              }
            ],
            "emulator": "/usr/bin/qemu-system-x86_64",
            "filesystem": [],
            "firmware": null,
            "fw_cfg_name": "opt/com.coreos/config",
            "graphics": [
              {
                "autoport": true,
                "listen_address": "127.0.0.1",
                "listen_type": "address",
                "type": "spice",
                "websocket": 0
              }
            ],
            "id": "a2ec0dcc-27a8-4619-8e6e-6d0258eb6d0c",
            "initrd": "",
            "kernel": "",
            "machine": "pc",
            "memory": 512,
            "metadata": null,
            "name": "galera1",
            "network_interface": [
              {
                "addresses": [],
                "bridge": "",
                "hostname": "",
                "mac": "52:54:00:42:64:04",
                "macvtap": "",
                "network_id": "245ffb17-356e-4a22-8cc6-1b992df0b640",
                "network_name": "default",
                "passthrough": "",
                "vepa": "",
                "wait_for_lease": false
              }
            ],
            "nvram": [],
            "qemu_agent": false,
            "running": true,
            "timeouts": null,
            "tpm": [],
            "type": "kvm",
            "vcpu": 1,
            "video": [],
            "xml": []
          },
          "sensitive_attributes": [],
          "identity_schema_version": 0,
          "private": "eyJlMmJmYjczMC1lY2FhLTExZTYtOGY4OC0zNDM2M2JjN2M0YzAiOnsiY3JlYXRlIjozMDAwMDAwMDAwMDB9fQ==",
          "dependencies": [
            "libvirt_cloudinit_disk.vm_cloudinit",
            "libvirt_volume.base_image",
            "libvirt_volume.vm_disk"
          ]
        },
        {
          "index_key": "galera2",
          "schema_version": 0,
          "attributes": {
            "arch": "x86_64",
            "autostart": false,
            "boot_device": [],
            "cloudinit": "/var/lib/libvirt/images/galera2-cloudinit.iso;2f347c2e-004c-4010-8545-6dfce96b8df8",
            "cmdline": null,
            "console": [
              {
                "source_host": "127.0.0.1",
                "source_path": "",
                "source_service": "0",
                "target_port": "0",
                "target_type": "serial",
                "type": "pty"
              }
            ],
            "coreos_ignition": null,
            "cpu": [
              {
                "mode": "custom"
              }
            ],
            "description": "",
            "disk": [
              {
                "block_device": "",
                "file": "",
                "scsi": false,
                "url": "",
                "volume_id": "/var/lib/libvirt/images/galera2-disk.qcow2",
                "wwn": ""
              }
            ],
            "emulator": "/usr/bin/qemu-system-x86_64",
            "filesystem": [],
            "firmware": null,
            "fw_cfg_name": "opt/com.coreos/config",
            "graphics": [
              {
                "autoport": true,
                "listen_address": "127.0.0.1",
                "listen_type": "address",
                "type": "spice",
                "websocket": 0
              }
            ],
            "id": "c0983eff-689d-4abc-acf2-63803ac1e05c",
            "initrd": "",
            "kernel": "",
            "machine": "pc",
            "memory": 512,
            "metadata": null,
            "name": "galera2",
            "network_interface": [
              {
                "addresses": [],
                "bridge": "",
                "hostname": "",
                "mac": "52:54:00:CA:55:7C",
                "macvtap": "",
                "network_id": "245ffb17-356e-4a22-8cc6-1b992df0b640",
                "network_name": "default",
                "passthrough": "",
                "vepa": "",
                "wait_for_lease": false
              }
            ],
            "nvram": [],
            "qemu_agent": false,
            "running": true,
            "timeouts": null,
            "tpm": [],
            "type": "kvm",
            "vcpu": 1,
            "video": [],
            "xml": []
          },
          "sensitive_attributes": [],
          "identity_schema_version": 0,
          "private": "eyJlMmJmYjczMC1lY2FhLTExZTYtOGY4OC0zNDM2M2JjN2M0YzAiOnsiY3JlYXRlIjozMDAwMDAwMDAwMDB9fQ==",
          "dependencies": [
            "libvirt_cloudinit_disk.vm_cloudinit",
            "libvirt_volume.base_image",
            "libvirt_volume.vm_disk"
          ]
        },
        {
          "index_key": "galera3",
          "schema_version": 0,
          "attributes": {
            "arch": "x86_64",
            "autostart": false,
            "boot_device": [],
            "cloudinit": "/var/lib/libvirt/images/galera3-cloudinit.iso;3afaea60-98f7-4174-a374-5451d98bb4a1",
            "cmdline": null,
            "console": [
              {
                "source_host": "127.0.0.1",
                "source_path": "",
                "source_service": "0",
                "target_port": "0",
                "target_type": "serial",
                "type": "pty"
              }
            ],
            "coreos_ignition": null,
            "cpu": [
              {
                "mode": "custom"
              }
            ],
            "description": "",
            "disk": [
              {
                "block_device": "",
                "file": "",
                "scsi": false,
                "url": "",
                "volume_id": "/var/lib/libvirt/images/galera3-disk.qcow2",
                "wwn": ""
              }
            ],
            "emulator": "/usr/bin/qemu-system-x86_64",
            "filesystem": [],
            "firmware": null,
            "fw_cfg_name": "opt/com.coreos/config",
            "graphics": [
              {
                "autoport": true,
                "listen_address": "127.0.0.1",
                "listen_type": "address",
                "type": "spice",
                "websocket": 0
              }
            ],
            "id": "90265515-c453-48e1-b9f0-ccef27ea6a06",
            "initrd": "",
            "kernel": "",
            "machine": "pc",
            "memory": 512,
            "metadata": null,
            "name": "galera3",
            "network_interface": [
              {
                "addresses": [],
                "bridge": "",
                "hostname": "",
                "mac": "52:54:00:D2:4A:9D",
                "macvtap": "",
                "network_id": "245ffb17-356e-4a22-8cc6-1b992df0b640",
                "network_name": "default",
                "passthrough": "",
                "vepa": "",
                "wait_for_lease": false
              }
            ],
            "nvram": [],
            "qemu_agent": false,
            "running": true,
            "timeouts": null,
            "tpm": [],
            "type": "kvm",
            "vcpu": 1,
            "video": [],
            "xml": []
          },
          "sensitive_attributes": [],
          "identity_schema_version": 0,
          "private": "eyJlMmJmYjczMC1lY2FhLTExZTYtOGY4OC0zNDM2M2JjN2M0YzAiOnsiY3JlYXRlIjozMDAwMDAwMDAwMDB9fQ==",
          "dependencies": [
            "libvirt_cloudinit_disk.vm_cloudinit",
            "libvirt_volume.base_image",
            "libvirt_volume.vm_disk"
          ]
        },
        {
          "index_key": "proxy1",
          "schema_version": 0,
          "attributes": {
            "arch": "x86_64",
            "autostart": false,
            "boot_device": [],
            "cloudinit": "/var/lib/libvirt/images/proxy1-cloudinit.iso;c24d79c7-8c12-4413-859a-41cc8e5b666c",
            "cmdline": null,
            "console": [
              {
                "source_host": "127.0.0.1",
                "source_path": "",
                "source_service": "0",
                "target_port": "0",
                "target_type": "serial",
                "type": "pty"
              }
            ],
            "coreos_ignition": null,
            "cpu": [
              {
                "mode": "custom"
              }
            ],
            "description": "",
            "disk": [
              {
                "block_device": "",
                "file": "",
                "scsi": false,
                "url": "",
                "volume_id": "/var/lib/libvirt/images/proxy1-disk.qcow2",
                "wwn": ""
              }
            ],
            "emulator": "/usr/bin/qemu-system-x86_64",
            "filesystem": [],
            "firmware": null,
            "fw_cfg_name": "opt/com.coreos/config",
            "graphics": [
              {
                "autoport": true,
                "listen_address": "127.0.0.1",
                "listen_type": "address",
                "type": "spice",
                "websocket": 0
              }
            ],
            "id": "c984f6b8-5d3a-48a6-9777-4e7fb88465ac",
            "initrd": "",
            "kernel": "",
            "machine": "pc",
            "memory": 384,
            "metadata": null,
            "name": "proxy1",
            "network_interface": [
              {
                "addresses": [],
                "bridge": "",
                "hostname": "",
                "mac": "52:54:00:B2:68:B2",
                "macvtap": "",
                "network_id": "245ffb17-356e-4a22-8cc6-1b992df0b640",
                "network_name": "default",
                "passthrough": "",
                "vepa": "",
                "wait_for_lease": false
              }
            ],
            "nvram": [],
            "qemu_agent": false,
            "running": true,
            "timeouts": null,
            "tpm": [],
            "type": "kvm",
            "vcpu": 1,
            "video": [],
            "xml": []
          },
          "sensitive_attributes": [],
          "identity_schema_version": 0,
          "private": "eyJlMmJmYjczMC1lY2FhLTExZTYtOGY4OC0zNDM2M2JjN2M0YzAiOnsiY3JlYXRlIjozMDAwMDAwMDAwMDB9fQ==",
          "dependencies": [
            "libvirt_cloudinit_disk.vm_cloudinit",
            "libvirt_volume.base_image",
            "libvirt_volume.vm_disk"
          ]
        },
        {
          "index_key": "proxy2",
          "schema_version": 0,
          "attributes": {
            "arch": "x86_64",
            "autostart": false,
            "boot_device": [],
            "cloudinit": "/var/lib/libvirt/images/proxy2-cloudinit.iso;7c375add-a18a-4359-8d53-7c38c8cb7440",
            "cmdline": null,
            "console": [
              {
                "source_host": "127.0.0.1",
                "source_path": "",
                "source_service": "0",
                "target_port": "0",
                "target_type": "serial",
                "type": "pty"
              }
            ],
            "coreos_ignition": null,
            "cpu": [
              {
                "mode": "custom"
              }
            ],
            "description": "",
            "disk": [
              {
                "block_device": "",
                "file": "",
                "scsi": false,
                "url": "",
                "volume_id": "/var/lib/libvirt/images/proxy2-disk.qcow2",
                "wwn": ""
              }
            ],
            "emulator": "/usr/bin/qemu-system-x86_64",
            "filesystem": [],
            "firmware": null,
            "fw_cfg_name": "opt/com.coreos/config",
            "graphics": [
              {
                "autoport": true,
                "listen_address": "127.0.0.1",
                "listen_type": "address",
                "type": "spice",
                "websocket": 0
              }
            ],
            "id": "b5056ccc-bb2a-47f5-a0bd-a0685ef6074b",
            "initrd": "",
            "kernel": "",
            "machine": "pc",
            "memory": 384,
            "metadata": null,
            "name": "proxy2",
            "network_interface": [
              {
                "addresses": [],
                "bridge": "",
                "hostname": "",
                "mac": "52:54:00:DA:42:EB",
                "macvtap": "",
                "network_id": "245ffb17-356e-4a22-8cc6-1b992df0b640",
                "network_name": "default",
                "passthrough": "",
                "vepa": "",
                "wait_for_lease": false
              }
            ],
            "nvram": [],
            "qemu_agent": false,
            "running": true,
            "timeouts": null,
            "tpm": [],
            "type": "kvm",
            "vcpu": 1,
            "video": [],
            "xml": []
          },
          "sensitive_attributes": [],
          "identity_schema_version": 0,
          "private": "eyJlMmJmYjczMC1lY2FhLTExZTYtOGY4OC0zNDM2M2JjN2M0YzAiOnsiY3JlYXRlIjozMDAwMDAwMDAwMDB9fQ==",
          "dependencies": [
            "libvirt_cloudinit_disk.vm_cloudinit",
            "libvirt_volume.base_image",
            "libvirt_volume.vm_disk"
          ]
        }
      ]
    },
    {
      "mode": "managed",
      "type": "libvirt_volume",
      "name": "base_image",
      "provider": "provider[\"registry.terraform.io/dmacvicar/libvirt\"]",
      "instances": [
        {
          "schema_version": 0,
          "attributes": {
            "base_volume_id": null,
            "base_volume_name": null,
            "base_volume_pool": null,
            "format": "qcow2",
            "id": "/var/lib/libvirt/images/debian-12-base.qcow2",
            "name": "debian-12-base.qcow2",
            "pool": "default",
            "size": 3221225472,
            "source": "https://cloud.debian.org/images/cloud/bookworm/latest/debian-12-generic-amd64.qcow2",
            "xml": []
          },
          "sensitive_attributes": [],
          "identity_schema_version": 0,
          "private": "bnVsbA=="
        }
      ]
    },
    {
      "mode": "managed",
      "type": "libvirt_volume",
      "name": "vm_disk",
      "provider": "provider[\"registry.terraform.io/dmacvicar/libvirt\"]",
      "instances": [
        {
          "index_key": "galera1",
          "schema_version": 0,
          "attributes": {
            "base_volume_id": "/var/lib/libvirt/images/debian-12-base.qcow2",
            "base_volume_name": null,
            "base_volume_pool": null,
            "format": "qcow2",
            "id": "/var/lib/libvirt/images/galera1-disk.qcow2",
            "name": "galera1-disk.qcow2",
            "pool": "default",
            "size": 5368709120,
            "source": null,
            "xml": []
          },
          "sensitive_attributes": [],
          "identity_schema_version": 0,
          "private": "bnVsbA==",
          "dependencies": [
            "libvirt_volume.base_image"
          ]
        },
        {
          "index_key": "galera2",
          "schema_version": 0,
          "attributes": {
            "base_volume_id": "/var/lib/libvirt/images/debian-12-base.qcow2",
            "base_volume_name": null,
            "base_volume_pool": null,
            "format": "qcow2",
            "id": "/var/lib/libvirt/images/galera2-disk.qcow2",
            "name": "galera2-disk.qcow2",
            "pool": "default",
            "size": 5368709120,
            "source": null,
            "xml": []
          },
          "sensitive_attributes": [],
          "identity_schema_version": 0,
          "private": "bnVsbA==",
          "dependencies": [
            "libvirt_volume.base_image"
          ]
        },
        {
          "index_key": "galera3",
          "schema_version": 0,
          "attributes": {
            "base_volume_id": "/var/lib/libvirt/images/debian-12-base.qcow2",
            "base_volume_name": null,
            "base_volume_pool": null,
            "format": "qcow2",
            "id": "/var/lib/libvirt/images/galera3-disk.qcow2",
            "name": "galera3-disk.qcow2",
            "pool": "default",
            "size": 5368709120,
            "source": null,
            "xml": []
          },
          "sensitive_attributes": [],
          "identity_schema_version": 0,
          "private": "bnVsbA==",
          "dependencies": [
            "libvirt_volume.base_image"
          ]
        },
        {
          "index_key": "proxy1",
          "schema_version": 0,
          "attributes": {
            "base_volume_id": "/var/lib/libvirt/images/debian-12-base.qcow2",
            "base_volume_name": null,
            "base_volume_pool": null,
            "format": "qcow2",
            "id": "/var/lib/libvirt/images/proxy1-disk.qcow2",
            "name": "proxy1-disk.qcow2",
            "pool": "default",
            "size": 5368709120,
            "source": null,
            "xml": []
          },
          "sensitive_attributes": [],
          "identity_schema_version": 0,
          "private": "bnVsbA==",
          "dependencies": [
            "libvirt_volume.base_image"
          ]
        },
        {
          "index_key": "proxy2",
          "schema_version": 0,
          "attributes": {
            "base_volume_id": "/var/lib/libvirt/images/debian-12-base.qcow2",
            "base_volume_name": null,
            "base_volume_pool": null,
            "format": "qcow2",
            "id": "/var/lib/libvirt/images/proxy2-disk.qcow2",
            "name": "proxy2-disk.qcow2",
            "pool": "default",
            "size": 5368709120,
            "source": null,
            "xml": []
          },
          "sensitive_attributes": [],
          "identity_schema_version": 0,
          "private": "bnVsbA==",
          "dependencies": [
            "libvirt_volume.base_image"
          ]
        }
      ]
    },
    {
      "mode": "managed",
      "type": "local_file",
      "name": "ansible_inventory",
      "provider": "provider[\"registry.terraform.io/hashicorp/local\"]",
      "instances": [
        {
          "schema_version": 0,
          "attributes": {
            "content": "    all:\n      vars:\n        ansible_user: debian\n        ansible_ssh_private_key_file: ~/.ssh/id_rsa\n        ansible_python_interpreter: /usr/bin/python3\n      children:\n        loadbalancers:\n          hosts:\n            proxy1:\n              ansible_host: 192.168.122.11\n            proxy2:\n              ansible_host: 192.168.122.12\n        databases:\n          hosts:\n            galera1:\n              ansible_host: 192.168.122.21\n            galera2:\n              ansible_host: 192.168.122.22\n            galera3:\n              ansible_host: 192.168.122.23\n",
            "content_base64": null,
            "content_base64sha256": "V10/z3QoKLALuV0zc+/FLsaH/GcQPSl2IWy/oJxUsjI=",
            "content_base64sha512": "GLUpCu1fFhC5oWCWjKuZ45M41oae1W3sP9aNXF/RNq3T2cWr5VlS7pvouyd4hwbvhpZzP89TpoJTNlIn36wQCA==",
            "content_md5": "3f0ea421e84a3c9d434294a82d4edee3",
            "content_sha1": "707d73e3baec2fc6b7fa0cad34ca02fe76e7bd5e",
            "content_sha256": "575d3fcf742828b00bb95d3373efc52ec687fc67103d2976216cbfa09c54b232",
            "content_sha512": "18b5290aed5f1610b9a160968cab99e39338d6869ed56dec3fd68d5c5fd136add3d9c5abe55952ee9be8bb27788706ef8696733fcf53a68253365227dfac1008",
            "directory_permission": "0777",
            "file_permission": "0777",
            "filename": "./../ansible/inventory/hosts.yml",
            "id": "707d73e3baec2fc6b7fa0cad34ca02fe76e7bd5e",
            "sensitive_content": null,
            "source": null
          },
          "sensitive_attributes": [
            [
              {
                "type": "get_attr",
                "value": "sensitive_content"
              }
            ]
          ],
          "identity_schema_version": 0,
          "dependencies": [
            "libvirt_cloudinit_disk.vm_cloudinit",
            "libvirt_domain.vm",
            "libvirt_volume.base_image",
            "libvirt_volume.vm_disk",
            "null_resource.wait_for_vms"
          ]
        }
      ]
    },
    {
      "mode": "managed",
      "type": "null_resource",
      "name": "wait_for_vms",
      "provider": "provider[\"registry.terraform.io/hashicorp/null\"]",
      "instances": [
        {
          "index_key": "galera1",
          "schema_version": 0,
          "attributes": {
            "id": "8869985754004332761",
            "triggers": null
          },
          "sensitive_attributes": [],
          "identity_schema_version": 0,
          "dependencies": [
            "libvirt_cloudinit_disk.vm_cloudinit",
            "libvirt_domain.vm",
            "libvirt_volume.base_image",
            "libvirt_volume.vm_disk"
          ]
        },
        {
          "index_key": "galera2",
          "schema_version": 0,
          "attributes": {
            "id": "76975926542417155",
            "triggers": null
          },
          "sensitive_attributes": [],
          "identity_schema_version": 0,
          "dependencies": [
            "libvirt_cloudinit_disk.vm_cloudinit",
            "libvirt_domain.vm",
            "libvirt_volume.base_image",
            "libvirt_volume.vm_disk"
          ]
        },
        {
          "index_key": "galera3",
          "schema_version": 0,
          "attributes": {
            "id": "5090205799162882137",
            "triggers": null
          },
          "sensitive_attributes": [],
          "identity_schema_version": 0,
          "dependencies": [
            "libvirt_cloudinit_disk.vm_cloudinit",
            "libvirt_domain.vm",
            "libvirt_volume.base_image",
            "libvirt_volume.vm_disk"
          ]
        },
        {
          "index_key": "proxy1",
          "schema_version": 0,
          "attributes": {
            "id": "2961683042015576620",
            "triggers": null
          },
          "sensitive_attributes": [],
          "identity_schema_version": 0,
          "dependencies": [
            "libvirt_cloudinit_disk.vm_cloudinit",
            "libvirt_domain.vm",
            "libvirt_volume.base_image",
            "libvirt_volume.vm_disk"
          ]
        },
        {
          "index_key": "proxy2",
          "schema_version": 0,
          "attributes": {
            "id": "6865422438029014408",
            "triggers": null
          },
          "sensitive_attributes": [],
          "identity_schema_version": 0,
          "dependencies": [
            "libvirt_cloudinit_disk.vm_cloudinit",
            "libvirt_domain.vm",
            "libvirt_volume.base_image",
            "libvirt_volume.vm_disk"
          ]
        }
      ]
    }
  ],
  "check_results": null
}
